// !$*UTF8*$!
{
	archiveVersion = 1;
	classes = {
	};
	objectVersion = 51;
	objects = {

/* Begin PBXBuildFile section */
		8C1C683A23FAE3C30094E7F5 /* NetworkService.swift in Sources */ = {isa = PBXBuildFile; fileRef = 8C1C683923FAE3C30094E7F5 /* NetworkService.swift */; };
		8C1C683D23FAE4240094E7F5 /* NetworkRequestType.swift in Sources */ = {isa = PBXBuildFile; fileRef = 8C1C683C23FAE4240094E7F5 /* NetworkRequestType.swift */; };
		8C1C683F23FAE4460094E7F5 /* ResponseSerializer.swift in Sources */ = {isa = PBXBuildFile; fileRef = 8C1C683E23FAE4460094E7F5 /* ResponseSerializer.swift */; };
		8C1C684123FAE4630094E7F5 /* DecodingTargetType.swift in Sources */ = {isa = PBXBuildFile; fileRef = 8C1C684023FAE4630094E7F5 /* DecodingTargetType.swift */; };
		8C1C684323FAE4760094E7F5 /* NetworkServiceError.swift in Sources */ = {isa = PBXBuildFile; fileRef = 8C1C684223FAE4760094E7F5 /* NetworkServiceError.swift */; };
		8C1C684523FAE48F0094E7F5 /* MoyaNetworkService.swift in Sources */ = {isa = PBXBuildFile; fileRef = 8C1C684423FAE48F0094E7F5 /* MoyaNetworkService.swift */; };
		8C1C684723FAF4950094E7F5 /* DataResponseSerializer.swift in Sources */ = {isa = PBXBuildFile; fileRef = 8C1C684623FAF4950094E7F5 /* DataResponseSerializer.swift */; };
		8C1C684923FAF5D00094E7F5 /* AuthorizationView.swift in Sources */ = {isa = PBXBuildFile; fileRef = 8C1C684823FAF5D00094E7F5 /* AuthorizationView.swift */; };
		8C49E7E7240060C3009FD161 /* ColorExtension.swift in Sources */ = {isa = PBXBuildFile; fileRef = 8C49E7E6240060C3009FD161 /* ColorExtension.swift */; };
		8C61026923FB382B000BEFD9 /* KeyValueStorage.swift in Sources */ = {isa = PBXBuildFile; fileRef = 8C61026823FB382B000BEFD9 /* KeyValueStorage.swift */; };
		8C61026B23FB3854000BEFD9 /* KeyChainStorage.swift in Sources */ = {isa = PBXBuildFile; fileRef = 8C61026A23FB3854000BEFD9 /* KeyChainStorage.swift */; };
		8C61027123FBECDD000BEFD9 /* DecodableResponseSerializer.swift in Sources */ = {isa = PBXBuildFile; fileRef = 8C61027023FBECDD000BEFD9 /* DecodableResponseSerializer.swift */; };
		8C61027323FBED84000BEFD9 /* Secret.swift in Sources */ = {isa = PBXBuildFile; fileRef = 8C61027223FBED84000BEFD9 /* Secret.swift */; };
		8CD46CF92400891D006DB466 /* MainView.swift in Sources */ = {isa = PBXBuildFile; fileRef = 8CD46CF82400891D006DB466 /* MainView.swift */; };
		8CD46CFB2400A01D006DB466 /* BookmarksView2.swift in Sources */ = {isa = PBXBuildFile; fileRef = 8CD46CFA2400A01D006DB466 /* BookmarksView2.swift */; };
		8CD46CFF240168F5006DB466 /* GeneratedModels.swift in Sources */ = {isa = PBXBuildFile; fileRef = 8CD46CFE240168F5006DB466 /* GeneratedModels.swift */; };
		8CD46D012401802F006DB466 /* BookmarkView.swift in Sources */ = {isa = PBXBuildFile; fileRef = 8CD46D002401802F006DB466 /* BookmarkView.swift */; };
		8CD46D03240188F2006DB466 /* VideoItemView.swift in Sources */ = {isa = PBXBuildFile; fileRef = 8CD46D02240188F2006DB466 /* VideoItemView.swift */; };
		8CD46D0524019092006DB466 /* SeasonView.swift in Sources */ = {isa = PBXBuildFile; fileRef = 8CD46D0424019092006DB466 /* SeasonView.swift */; };
		8CD46D082401AB0F006DB466 /* AuthorizationViewController.swift in Sources */ = {isa = PBXBuildFile; fileRef = 8CD46D072401AB0F006DB466 /* AuthorizationViewController.swift */; };
		8CD46D0A2401BA08006DB466 /* ServiceLocator.swift in Sources */ = {isa = PBXBuildFile; fileRef = 8CD46D092401BA08006DB466 /* ServiceLocator.swift */; };
		8CD46D0C2401BA5A006DB466 /* NetworkServiceFactory.swift in Sources */ = {isa = PBXBuildFile; fileRef = 8CD46D0B2401BA5A006DB466 /* NetworkServiceFactory.swift */; };
		8CD46D0E2401BA74006DB466 /* MotaNetworkServiceFactory.swift in Sources */ = {isa = PBXBuildFile; fileRef = 8CD46D0D2401BA74006DB466 /* MotaNetworkServiceFactory.swift */; };
		8CD46D112401BBB8006DB466 /* AuthorizationServiceFactory.swift in Sources */ = {isa = PBXBuildFile; fileRef = 8CD46D102401BBB8006DB466 /* AuthorizationServiceFactory.swift */; };
		8CD46D132401BBDC006DB466 /* DefaultAuthorizationServiceFactory.swift in Sources */ = {isa = PBXBuildFile; fileRef = 8CD46D122401BBDC006DB466 /* DefaultAuthorizationServiceFactory.swift */; };
		8CD46D162401BC3D006DB466 /* AccessTokenServiceFactory.swift in Sources */ = {isa = PBXBuildFile; fileRef = 8CD46D152401BC3D006DB466 /* AccessTokenServiceFactory.swift */; };
		8CD46D182401BC5A006DB466 /* DefaultAccessTokenServiceFactory.swift in Sources */ = {isa = PBXBuildFile; fileRef = 8CD46D172401BC5A006DB466 /* DefaultAccessTokenServiceFactory.swift */; };
		8CD46D1A2401BDE4006DB466 /* AuthorizationModuleFactory.swift in Sources */ = {isa = PBXBuildFile; fileRef = 8CD46D192401BDE4006DB466 /* AuthorizationModuleFactory.swift */; };
		8CD46D1C2401BE00006DB466 /* AuthorizationViewModel.swift in Sources */ = {isa = PBXBuildFile; fileRef = 8CD46D1B2401BE00006DB466 /* AuthorizationViewModel.swift */; };
		8CD46D1E2401BE39006DB466 /* AccessTokenService.swift in Sources */ = {isa = PBXBuildFile; fileRef = 8CD46D1D2401BE39006DB466 /* AccessTokenService.swift */; };
		8CD46D202401BE45006DB466 /* DefaultAccessTokenService.swift in Sources */ = {isa = PBXBuildFile; fileRef = 8CD46D1F2401BE45006DB466 /* DefaultAccessTokenService.swift */; };
		8CD46D222401BE68006DB466 /* AuthorizationService.swift in Sources */ = {isa = PBXBuildFile; fileRef = 8CD46D212401BE68006DB466 /* AuthorizationService.swift */; };
		8CD46D242401BE7B006DB466 /* DefaultAuthorizationService.swift in Sources */ = {isa = PBXBuildFile; fileRef = 8CD46D232401BE7B006DB466 /* DefaultAuthorizationService.swift */; };
		8CD46D262401BF01006DB466 /* ApiTargetType.swift in Sources */ = {isa = PBXBuildFile; fileRef = 8CD46D252401BF01006DB466 /* ApiTargetType.swift */; };
		8CD46D282401BFC3006DB466 /* AuthTargetType.swift in Sources */ = {isa = PBXBuildFile; fileRef = 8CD46D272401BFC3006DB466 /* AuthTargetType.swift */; };
		8CD46D342401C3B1006DB466 /* DeviceTokenRequest.swift in Sources */ = {isa = PBXBuildFile; fileRef = 8CD46D332401C3B1006DB466 /* DeviceTokenRequest.swift */; };
		8CD46D362401C3E7006DB466 /* AccessToken.swift in Sources */ = {isa = PBXBuildFile; fileRef = 8CD46D352401C3E7006DB466 /* AccessToken.swift */; };
		8CD46D382401C4FB006DB466 /* DeviceCodeRequest.swift in Sources */ = {isa = PBXBuildFile; fileRef = 8CD46D372401C4FB006DB466 /* DeviceCodeRequest.swift */; };
		8CD46D3D2401C65E006DB466 /* BookmarksView.swift in Sources */ = {isa = PBXBuildFile; fileRef = 8CD46D3C2401C65E006DB466 /* BookmarksView.swift */; };
		8CD46D3F2401C689006DB466 /* BookmarksRequest.swift in Sources */ = {isa = PBXBuildFile; fileRef = 8CD46D3E2401C689006DB466 /* BookmarksRequest.swift */; };
		8CD46D412401C71A006DB466 /* BookmarksViewModel.swift in Sources */ = {isa = PBXBuildFile; fileRef = 8CD46D402401C71A006DB466 /* BookmarksViewModel.swift */; };
		8CD46D442401C730006DB466 /* TokenPlugin.swift in Sources */ = {isa = PBXBuildFile; fileRef = 8CD46D432401C730006DB466 /* TokenPlugin.swift */; };
		8CD46D462401C7ED006DB466 /* BookmarksViewController.swift in Sources */ = {isa = PBXBuildFile; fileRef = 8CD46D452401C7ED006DB466 /* BookmarksViewController.swift */; };
		8CD46D482401C8F7006DB466 /* BookmarksModuleFactory.swift in Sources */ = {isa = PBXBuildFile; fileRef = 8CD46D472401C8F7006DB466 /* BookmarksModuleFactory.swift */; };
		8CE898C823F53935006531BC /* AppDelegate.swift in Sources */ = {isa = PBXBuildFile; fileRef = 8CE898C723F53935006531BC /* AppDelegate.swift */; };
		8CE898CA23F53935006531BC /* SceneDelegate.swift in Sources */ = {isa = PBXBuildFile; fileRef = 8CE898C923F53935006531BC /* SceneDelegate.swift */; };
		8CE898CC23F53935006531BC /* ContentView.swift in Sources */ = {isa = PBXBuildFile; fileRef = 8CE898CB23F53935006531BC /* ContentView.swift */; };
		8CE898CE23F53936006531BC /* Assets.xcassets in Resources */ = {isa = PBXBuildFile; fileRef = 8CE898CD23F53936006531BC /* Assets.xcassets */; };
		8CE898D123F53936006531BC /* Preview Assets.xcassets in Resources */ = {isa = PBXBuildFile; fileRef = 8CE898D023F53936006531BC /* Preview Assets.xcassets */; };
		8CE898D423F53936006531BC /* LaunchScreen.storyboard in Resources */ = {isa = PBXBuildFile; fileRef = 8CE898D223F53936006531BC /* LaunchScreen.storyboard */; };
		E93F101049289BA1403D530C /* Pods_KinoPub.framework in Frameworks */ = {isa = PBXBuildFile; fileRef = 63A3700DEC066E6E8CA74602 /* Pods_KinoPub.framework */; };
/* End PBXBuildFile section */

/* Begin PBXFileReference section */
		52FDA6DD36BAFBD6EF993897 /* Pods-KinoPub.debug.xcconfig */ = {isa = PBXFileReference; includeInIndex = 1; lastKnownFileType = text.xcconfig; name = "Pods-KinoPub.debug.xcconfig"; path = "Target Support Files/Pods-KinoPub/Pods-KinoPub.debug.xcconfig"; sourceTree = "<group>"; };
		63A3700DEC066E6E8CA74602 /* Pods_KinoPub.framework */ = {isa = PBXFileReference; explicitFileType = wrapper.framework; includeInIndex = 0; path = Pods_KinoPub.framework; sourceTree = BUILT_PRODUCTS_DIR; };
		8C1C683923FAE3C30094E7F5 /* NetworkService.swift */ = {isa = PBXFileReference; lastKnownFileType = sourcecode.swift; path = NetworkService.swift; sourceTree = "<group>"; };
		8C1C683C23FAE4240094E7F5 /* NetworkRequestType.swift */ = {isa = PBXFileReference; lastKnownFileType = sourcecode.swift; path = NetworkRequestType.swift; sourceTree = "<group>"; };
		8C1C683E23FAE4460094E7F5 /* ResponseSerializer.swift */ = {isa = PBXFileReference; lastKnownFileType = sourcecode.swift; path = ResponseSerializer.swift; sourceTree = "<group>"; };
		8C1C684023FAE4630094E7F5 /* DecodingTargetType.swift */ = {isa = PBXFileReference; lastKnownFileType = sourcecode.swift; path = DecodingTargetType.swift; sourceTree = "<group>"; };
		8C1C684223FAE4760094E7F5 /* NetworkServiceError.swift */ = {isa = PBXFileReference; lastKnownFileType = sourcecode.swift; path = NetworkServiceError.swift; sourceTree = "<group>"; };
		8C1C684423FAE48F0094E7F5 /* MoyaNetworkService.swift */ = {isa = PBXFileReference; lastKnownFileType = sourcecode.swift; path = MoyaNetworkService.swift; sourceTree = "<group>"; };
		8C1C684623FAF4950094E7F5 /* DataResponseSerializer.swift */ = {isa = PBXFileReference; lastKnownFileType = sourcecode.swift; path = DataResponseSerializer.swift; sourceTree = "<group>"; };
		8C1C684823FAF5D00094E7F5 /* AuthorizationView.swift */ = {isa = PBXFileReference; lastKnownFileType = sourcecode.swift; path = AuthorizationView.swift; sourceTree = "<group>"; };
		8C49E7E6240060C3009FD161 /* ColorExtension.swift */ = {isa = PBXFileReference; lastKnownFileType = sourcecode.swift; path = ColorExtension.swift; sourceTree = "<group>"; };
		8C61026823FB382B000BEFD9 /* KeyValueStorage.swift */ = {isa = PBXFileReference; lastKnownFileType = sourcecode.swift; path = KeyValueStorage.swift; sourceTree = "<group>"; };
		8C61026A23FB3854000BEFD9 /* KeyChainStorage.swift */ = {isa = PBXFileReference; lastKnownFileType = sourcecode.swift; path = KeyChainStorage.swift; sourceTree = "<group>"; };
		8C61027023FBECDD000BEFD9 /* DecodableResponseSerializer.swift */ = {isa = PBXFileReference; lastKnownFileType = sourcecode.swift; path = DecodableResponseSerializer.swift; sourceTree = "<group>"; };
		8C61027223FBED84000BEFD9 /* Secret.swift */ = {isa = PBXFileReference; lastKnownFileType = sourcecode.swift; path = Secret.swift; sourceTree = "<group>"; };
		8CD46CF82400891D006DB466 /* MainView.swift */ = {isa = PBXFileReference; lastKnownFileType = sourcecode.swift; path = MainView.swift; sourceTree = "<group>"; };
		8CD46CFA2400A01D006DB466 /* BookmarksView2.swift */ = {isa = PBXFileReference; lastKnownFileType = sourcecode.swift; path = BookmarksView2.swift; sourceTree = "<group>"; };
		8CD46CFE240168F5006DB466 /* GeneratedModels.swift */ = {isa = PBXFileReference; lastKnownFileType = sourcecode.swift; path = GeneratedModels.swift; sourceTree = "<group>"; };
		8CD46D002401802F006DB466 /* BookmarkView.swift */ = {isa = PBXFileReference; lastKnownFileType = sourcecode.swift; path = BookmarkView.swift; sourceTree = "<group>"; };
		8CD46D02240188F2006DB466 /* VideoItemView.swift */ = {isa = PBXFileReference; lastKnownFileType = sourcecode.swift; path = VideoItemView.swift; sourceTree = "<group>"; };
		8CD46D0424019092006DB466 /* SeasonView.swift */ = {isa = PBXFileReference; lastKnownFileType = sourcecode.swift; path = SeasonView.swift; sourceTree = "<group>"; };
		8CD46D072401AB0F006DB466 /* AuthorizationViewController.swift */ = {isa = PBXFileReference; lastKnownFileType = sourcecode.swift; path = AuthorizationViewController.swift; sourceTree = "<group>"; };
		8CD46D092401BA08006DB466 /* ServiceLocator.swift */ = {isa = PBXFileReference; lastKnownFileType = sourcecode.swift; path = ServiceLocator.swift; sourceTree = "<group>"; };
		8CD46D0B2401BA5A006DB466 /* NetworkServiceFactory.swift */ = {isa = PBXFileReference; lastKnownFileType = sourcecode.swift; path = NetworkServiceFactory.swift; sourceTree = "<group>"; };
		8CD46D0D2401BA74006DB466 /* MotaNetworkServiceFactory.swift */ = {isa = PBXFileReference; lastKnownFileType = sourcecode.swift; path = MotaNetworkServiceFactory.swift; sourceTree = "<group>"; };
		8CD46D102401BBB8006DB466 /* AuthorizationServiceFactory.swift */ = {isa = PBXFileReference; lastKnownFileType = sourcecode.swift; path = AuthorizationServiceFactory.swift; sourceTree = "<group>"; };
		8CD46D122401BBDC006DB466 /* DefaultAuthorizationServiceFactory.swift */ = {isa = PBXFileReference; lastKnownFileType = sourcecode.swift; path = DefaultAuthorizationServiceFactory.swift; sourceTree = "<group>"; };
		8CD46D152401BC3D006DB466 /* AccessTokenServiceFactory.swift */ = {isa = PBXFileReference; lastKnownFileType = sourcecode.swift; path = AccessTokenServiceFactory.swift; sourceTree = "<group>"; };
		8CD46D172401BC5A006DB466 /* DefaultAccessTokenServiceFactory.swift */ = {isa = PBXFileReference; lastKnownFileType = sourcecode.swift; path = DefaultAccessTokenServiceFactory.swift; sourceTree = "<group>"; };
		8CD46D192401BDE4006DB466 /* AuthorizationModuleFactory.swift */ = {isa = PBXFileReference; lastKnownFileType = sourcecode.swift; path = AuthorizationModuleFactory.swift; sourceTree = "<group>"; };
		8CD46D1B2401BE00006DB466 /* AuthorizationViewModel.swift */ = {isa = PBXFileReference; lastKnownFileType = sourcecode.swift; path = AuthorizationViewModel.swift; sourceTree = "<group>"; };
		8CD46D1D2401BE39006DB466 /* AccessTokenService.swift */ = {isa = PBXFileReference; lastKnownFileType = sourcecode.swift; path = AccessTokenService.swift; sourceTree = "<group>"; };
		8CD46D1F2401BE45006DB466 /* DefaultAccessTokenService.swift */ = {isa = PBXFileReference; lastKnownFileType = sourcecode.swift; path = DefaultAccessTokenService.swift; sourceTree = "<group>"; };
		8CD46D212401BE68006DB466 /* AuthorizationService.swift */ = {isa = PBXFileReference; lastKnownFileType = sourcecode.swift; path = AuthorizationService.swift; sourceTree = "<group>"; };
		8CD46D232401BE7B006DB466 /* DefaultAuthorizationService.swift */ = {isa = PBXFileReference; lastKnownFileType = sourcecode.swift; path = DefaultAuthorizationService.swift; sourceTree = "<group>"; };
		8CD46D252401BF01006DB466 /* ApiTargetType.swift */ = {isa = PBXFileReference; lastKnownFileType = sourcecode.swift; path = ApiTargetType.swift; sourceTree = "<group>"; };
		8CD46D272401BFC3006DB466 /* AuthTargetType.swift */ = {isa = PBXFileReference; lastKnownFileType = sourcecode.swift; path = AuthTargetType.swift; sourceTree = "<group>"; };
		8CD46D332401C3B1006DB466 /* DeviceTokenRequest.swift */ = {isa = PBXFileReference; lastKnownFileType = sourcecode.swift; path = DeviceTokenRequest.swift; sourceTree = "<group>"; };
		8CD46D352401C3E7006DB466 /* AccessToken.swift */ = {isa = PBXFileReference; lastKnownFileType = sourcecode.swift; path = AccessToken.swift; sourceTree = "<group>"; };
		8CD46D372401C4FB006DB466 /* DeviceCodeRequest.swift */ = {isa = PBXFileReference; lastKnownFileType = sourcecode.swift; path = DeviceCodeRequest.swift; sourceTree = "<group>"; };
		8CD46D3C2401C65E006DB466 /* BookmarksView.swift */ = {isa = PBXFileReference; lastKnownFileType = sourcecode.swift; path = BookmarksView.swift; sourceTree = "<group>"; };
		8CD46D3E2401C689006DB466 /* BookmarksRequest.swift */ = {isa = PBXFileReference; lastKnownFileType = sourcecode.swift; path = BookmarksRequest.swift; sourceTree = "<group>"; };
		8CD46D402401C71A006DB466 /* BookmarksViewModel.swift */ = {isa = PBXFileReference; lastKnownFileType = sourcecode.swift; path = BookmarksViewModel.swift; sourceTree = "<group>"; };
		8CD46D432401C730006DB466 /* TokenPlugin.swift */ = {isa = PBXFileReference; lastKnownFileType = sourcecode.swift; path = TokenPlugin.swift; sourceTree = "<group>"; };
		8CD46D452401C7ED006DB466 /* BookmarksViewController.swift */ = {isa = PBXFileReference; lastKnownFileType = sourcecode.swift; path = BookmarksViewController.swift; sourceTree = "<group>"; };
		8CD46D472401C8F7006DB466 /* BookmarksModuleFactory.swift */ = {isa = PBXFileReference; lastKnownFileType = sourcecode.swift; path = BookmarksModuleFactory.swift; sourceTree = "<group>"; };
		8CE898C423F53935006531BC /* KinoPub.app */ = {isa = PBXFileReference; explicitFileType = wrapper.application; includeInIndex = 0; path = KinoPub.app; sourceTree = BUILT_PRODUCTS_DIR; };
		8CE898C723F53935006531BC /* AppDelegate.swift */ = {isa = PBXFileReference; lastKnownFileType = sourcecode.swift; path = AppDelegate.swift; sourceTree = "<group>"; };
		8CE898C923F53935006531BC /* SceneDelegate.swift */ = {isa = PBXFileReference; lastKnownFileType = sourcecode.swift; path = SceneDelegate.swift; sourceTree = "<group>"; };
		8CE898CB23F53935006531BC /* ContentView.swift */ = {isa = PBXFileReference; lastKnownFileType = sourcecode.swift; path = ContentView.swift; sourceTree = "<group>"; };
		8CE898CD23F53936006531BC /* Assets.xcassets */ = {isa = PBXFileReference; lastKnownFileType = folder.assetcatalog; path = Assets.xcassets; sourceTree = "<group>"; };
		8CE898D023F53936006531BC /* Preview Assets.xcassets */ = {isa = PBXFileReference; lastKnownFileType = folder.assetcatalog; path = "Preview Assets.xcassets"; sourceTree = "<group>"; };
		8CE898D323F53936006531BC /* Base */ = {isa = PBXFileReference; lastKnownFileType = file.storyboard; name = Base; path = Base.lproj/LaunchScreen.storyboard; sourceTree = "<group>"; };
		8CE898D523F53936006531BC /* Info.plist */ = {isa = PBXFileReference; lastKnownFileType = text.plist.xml; path = Info.plist; sourceTree = "<group>"; };
		AE5AF6F19A7D54C55D664735 /* Pods-KinoPub.release.xcconfig */ = {isa = PBXFileReference; includeInIndex = 1; lastKnownFileType = text.xcconfig; name = "Pods-KinoPub.release.xcconfig"; path = "Target Support Files/Pods-KinoPub/Pods-KinoPub.release.xcconfig"; sourceTree = "<group>"; };
/* End PBXFileReference section */

/* Begin PBXFrameworksBuildPhase section */
		8CE898C123F53935006531BC /* Frameworks */ = {
			isa = PBXFrameworksBuildPhase;
			buildActionMask = 2147483647;
			files = (
				E93F101049289BA1403D530C /* Pods_KinoPub.framework in Frameworks */,
			);
			runOnlyForDeploymentPostprocessing = 0;
		};
/* End PBXFrameworksBuildPhase section */

/* Begin PBXGroup section */
		5818C0929FF1849DE465BB0E /* Frameworks */ = {
			isa = PBXGroup;
			children = (
				63A3700DEC066E6E8CA74602 /* Pods_KinoPub.framework */,
			);
			name = Frameworks;
			sourceTree = "<group>";
		};
		88E740D73FEF13E0254F669D /* Pods */ = {
			isa = PBXGroup;
			children = (
				52FDA6DD36BAFBD6EF993897 /* Pods-KinoPub.debug.xcconfig */,
				AE5AF6F19A7D54C55D664735 /* Pods-KinoPub.release.xcconfig */,
			);
			path = Pods;
			sourceTree = "<group>";
		};
		8C1C683823FAE3B20094E7F5 /* NetworkService */ = {
			isa = PBXGroup;
			children = (
				8CD46D422401C729006DB466 /* PluginType */,
				8CD46D322401C3A7006DB466 /* Request */,
				8CD46D2E2401C31A006DB466 /* Factory */,
				8CD46D292401C197006DB466 /* ResponseSerializer */,
				8C1C683B23FAE3FA0094E7F5 /* Target */,
				8C1C683923FAE3C30094E7F5 /* NetworkService.swift */,
				8C1C684423FAE48F0094E7F5 /* MoyaNetworkService.swift */,
				8C1C684223FAE4760094E7F5 /* NetworkServiceError.swift */,
			);
			path = NetworkService;
			sourceTree = "<group>";
		};
		8C1C683B23FAE3FA0094E7F5 /* Target */ = {
			isa = PBXGroup;
			children = (
				8C1C683C23FAE4240094E7F5 /* NetworkRequestType.swift */,
				8CD46D252401BF01006DB466 /* ApiTargetType.swift */,
				8CD46D272401BFC3006DB466 /* AuthTargetType.swift */,
				8C1C684023FAE4630094E7F5 /* DecodingTargetType.swift */,
			);
			path = Target;
			sourceTree = "<group>";
		};
		8CD46D062401AAD6006DB466 /* Authorization */ = {
			isa = PBXGroup;
			children = (
				8CD46D192401BDE4006DB466 /* AuthorizationModuleFactory.swift */,
				8CD46D1B2401BE00006DB466 /* AuthorizationViewModel.swift */,
				8C1C684823FAF5D00094E7F5 /* AuthorizationView.swift */,
				8CD46D072401AB0F006DB466 /* AuthorizationViewController.swift */,
			);
			path = Authorization;
			sourceTree = "<group>";
		};
		8CD46D0F2401BBB0006DB466 /* AuthorizationService */ = {
			isa = PBXGroup;
			children = (
				8CD46D302401C327006DB466 /* Factory */,
				8CD46D212401BE68006DB466 /* AuthorizationService.swift */,
				8CD46D232401BE7B006DB466 /* DefaultAuthorizationService.swift */,
			);
			path = AuthorizationService;
			sourceTree = "<group>";
		};
		8CD46D142401BC33006DB466 /* AccessTokenService */ = {
			isa = PBXGroup;
			children = (
				8CD46D2F2401C323006DB466 /* Factory */,
				8CD46D1D2401BE39006DB466 /* AccessTokenService.swift */,
				8CD46D1F2401BE45006DB466 /* DefaultAccessTokenService.swift */,
				8CD46D352401C3E7006DB466 /* AccessToken.swift */,
			);
			path = AccessTokenService;
			sourceTree = "<group>";
		};
		8CD46D292401C197006DB466 /* ResponseSerializer */ = {
			isa = PBXGroup;
			children = (
				8C1C683E23FAE4460094E7F5 /* ResponseSerializer.swift */,
				8C1C684623FAF4950094E7F5 /* DataResponseSerializer.swift */,
				8C61027023FBECDD000BEFD9 /* DecodableResponseSerializer.swift */,
			);
			path = ResponseSerializer;
			sourceTree = "<group>";
		};
		8CD46D2A2401C1BD006DB466 /* KeyValueStorage */ = {
			isa = PBXGroup;
			children = (
				8C61026823FB382B000BEFD9 /* KeyValueStorage.swift */,
				8C61026A23FB3854000BEFD9 /* KeyChainStorage.swift */,
			);
			path = KeyValueStorage;
			sourceTree = "<group>";
		};
		8CD46D2B2401C1D0006DB466 /* AppDelegate */ = {
			isa = PBXGroup;
			children = (
				8CE898C723F53935006531BC /* AppDelegate.swift */,
				8CE898C923F53935006531BC /* SceneDelegate.swift */,
			);
			path = AppDelegate;
			sourceTree = "<group>";
		};
		8CD46D2C2401C1E9006DB466 /* Support */ = {
			isa = PBXGroup;
			children = (
				8CE898CD23F53936006531BC /* Assets.xcassets */,
				8CE898D223F53936006531BC /* LaunchScreen.storyboard */,
				8CE898D523F53936006531BC /* Info.plist */,
			);
			path = Support;
			sourceTree = "<group>";
		};
		8CD46D2D2401C2F5006DB466 /* Misc */ = {
			isa = PBXGroup;
			children = (
				8CD46CFE240168F5006DB466 /* GeneratedModels.swift */,
				8CD46D092401BA08006DB466 /* ServiceLocator.swift */,
				8C61027223FBED84000BEFD9 /* Secret.swift */,
			);
			path = Misc;
			sourceTree = "<group>";
		};
		8CD46D2E2401C31A006DB466 /* Factory */ = {
			isa = PBXGroup;
			children = (
				8CD46D0B2401BA5A006DB466 /* NetworkServiceFactory.swift */,
				8CD46D0D2401BA74006DB466 /* MotaNetworkServiceFactory.swift */,
			);
			path = Factory;
			sourceTree = "<group>";
		};
		8CD46D2F2401C323006DB466 /* Factory */ = {
			isa = PBXGroup;
			children = (
				8CD46D152401BC3D006DB466 /* AccessTokenServiceFactory.swift */,
				8CD46D172401BC5A006DB466 /* DefaultAccessTokenServiceFactory.swift */,
			);
			path = Factory;
			sourceTree = "<group>";
		};
		8CD46D302401C327006DB466 /* Factory */ = {
			isa = PBXGroup;
			children = (
				8CD46D102401BBB8006DB466 /* AuthorizationServiceFactory.swift */,
				8CD46D122401BBDC006DB466 /* DefaultAuthorizationServiceFactory.swift */,
			);
			path = Factory;
			sourceTree = "<group>";
		};
		8CD46D322401C3A7006DB466 /* Request */ = {
			isa = PBXGroup;
			children = (
				8CD46D332401C3B1006DB466 /* DeviceTokenRequest.swift */,
				8CD46D3E2401C689006DB466 /* BookmarksRequest.swift */,
				8CD46D372401C4FB006DB466 /* DeviceCodeRequest.swift */,
			);
			path = Request;
			sourceTree = "<group>";
		};
		8CD46D392401C5DE006DB466 /* View */ = {
			isa = PBXGroup;
			children = (
				8CD46D3B2401C64E006DB466 /* Bookmarks */,
				8CD46D062401AAD6006DB466 /* Authorization */,
			);
			path = View;
			sourceTree = "<group>";
		};
		8CD46D3A2401C5EC006DB466 /* Service */ = {
			isa = PBXGroup;
			children = (
				8CD46D2A2401C1BD006DB466 /* KeyValueStorage */,
				8CD46D142401BC33006DB466 /* AccessTokenService */,
				8CD46D0F2401BBB0006DB466 /* AuthorizationService */,
				8C1C683823FAE3B20094E7F5 /* NetworkService */,
			);
			path = Service;
			sourceTree = "<group>";
		};
		8CD46D3B2401C64E006DB466 /* Bookmarks */ = {
			isa = PBXGroup;
			children = (
				8CD46D3C2401C65E006DB466 /* BookmarksView.swift */,
				8CD46D452401C7ED006DB466 /* BookmarksViewController.swift */,
				8CD46D402401C71A006DB466 /* BookmarksViewModel.swift */,
				8CD46D472401C8F7006DB466 /* BookmarksModuleFactory.swift */,
			);
			path = Bookmarks;
			sourceTree = "<group>";
		};
		8CD46D422401C729006DB466 /* PluginType */ = {
			isa = PBXGroup;
			children = (
				8CD46D432401C730006DB466 /* TokenPlugin.swift */,
			);
			path = PluginType;
			sourceTree = "<group>";
		};
		8CE898BB23F53935006531BC = {
			isa = PBXGroup;
			children = (
				8CE898C623F53935006531BC /* KinoPub */,
				8CE898C523F53935006531BC /* Products */,
				88E740D73FEF13E0254F669D /* Pods */,
				5818C0929FF1849DE465BB0E /* Frameworks */,
			);
			sourceTree = "<group>";
		};
		8CE898C523F53935006531BC /* Products */ = {
			isa = PBXGroup;
			children = (
				8CE898C423F53935006531BC /* KinoPub.app */,
			);
			name = Products;
			sourceTree = "<group>";
		};
		8CE898C623F53935006531BC /* KinoPub */ = {
			isa = PBXGroup;
			children = (
				8CD46D2D2401C2F5006DB466 /* Misc */,
				8CD46D2B2401C1D0006DB466 /* AppDelegate */,
				8CD46D2C2401C1E9006DB466 /* Support */,
				8CD46D3A2401C5EC006DB466 /* Service */,
				8CD46D392401C5DE006DB466 /* View */,
				8CE898CB23F53935006531BC /* ContentView.swift */,
				8CD46CFA2400A01D006DB466 /* BookmarksView2.swift */,
				8CD46D002401802F006DB466 /* BookmarkView.swift */,
				8CD46D02240188F2006DB466 /* VideoItemView.swift */,
				8CD46D0424019092006DB466 /* SeasonView.swift */,
				8CD46CF82400891D006DB466 /* MainView.swift */,
				8C49E7E6240060C3009FD161 /* ColorExtension.swift */,
				8CE898CF23F53936006531BC /* Preview Content */,
			);
			path = KinoPub;
			sourceTree = "<group>";
		};
		8CE898CF23F53936006531BC /* Preview Content */ = {
			isa = PBXGroup;
			children = (
				8CE898D023F53936006531BC /* Preview Assets.xcassets */,
			);
			path = "Preview Content";
			sourceTree = "<group>";
		};
/* End PBXGroup section */

/* Begin PBXNativeTarget section */
		8CE898C323F53935006531BC /* KinoPub */ = {
			isa = PBXNativeTarget;
			buildConfigurationList = 8CE898D823F53936006531BC /* Build configuration list for PBXNativeTarget "KinoPub" */;
			buildPhases = (
				6E4EF4FF978C25ABE69700DB /* [CP] Check Pods Manifest.lock */,
				8CE898C023F53935006531BC /* Sources */,
				8CE898C123F53935006531BC /* Frameworks */,
				8CE898C223F53935006531BC /* Resources */,
				D0715C943C25C8EBF8A0B668 /* [CP] Embed Pods Frameworks */,
			);
			buildRules = (
			);
			dependencies = (
			);
			name = KinoPub;
			productName = KinoPub;
			productReference = 8CE898C423F53935006531BC /* KinoPub.app */;
			productType = "com.apple.product-type.application";
		};
/* End PBXNativeTarget section */

/* Begin PBXProject section */
		8CE898BC23F53935006531BC /* Project object */ = {
			isa = PBXProject;
			attributes = {
				LastSwiftUpdateCheck = 1100;
				LastUpgradeCheck = 1100;
				ORGANIZATIONNAME = "Maksim Kolesnik";
				TargetAttributes = {
					8CE898C323F53935006531BC = {
						CreatedOnToolsVersion = 11.0;
					};
				};
			};
			buildConfigurationList = 8CE898BF23F53935006531BC /* Build configuration list for PBXProject "KinoPub" */;
			compatibilityVersion = "Xcode 9.3";
			developmentRegion = en;
			hasScannedForEncodings = 0;
			knownRegions = (
				en,
				Base,
			);
			mainGroup = 8CE898BB23F53935006531BC;
			productRefGroup = 8CE898C523F53935006531BC /* Products */;
			projectDirPath = "";
			projectRoot = "";
			targets = (
				8CE898C323F53935006531BC /* KinoPub */,
			);
		};
/* End PBXProject section */

/* Begin PBXResourcesBuildPhase section */
		8CE898C223F53935006531BC /* Resources */ = {
			isa = PBXResourcesBuildPhase;
			buildActionMask = 2147483647;
			files = (
				8CE898D423F53936006531BC /* LaunchScreen.storyboard in Resources */,
				8CE898D123F53936006531BC /* Preview Assets.xcassets in Resources */,
				8CE898CE23F53936006531BC /* Assets.xcassets in Resources */,
			);
			runOnlyForDeploymentPostprocessing = 0;
		};
/* End PBXResourcesBuildPhase section */

/* Begin PBXShellScriptBuildPhase section */
		6E4EF4FF978C25ABE69700DB /* [CP] Check Pods Manifest.lock */ = {
			isa = PBXShellScriptBuildPhase;
			buildActionMask = 2147483647;
			files = (
			);
			inputFileListPaths = (
			);
			inputPaths = (
				"${PODS_PODFILE_DIR_PATH}/Podfile.lock",
				"${PODS_ROOT}/Manifest.lock",
			);
			name = "[CP] Check Pods Manifest.lock";
			outputFileListPaths = (
			);
			outputPaths = (
				"$(DERIVED_FILE_DIR)/Pods-KinoPub-checkManifestLockResult.txt",
			);
			runOnlyForDeploymentPostprocessing = 0;
			shellPath = /bin/sh;
			shellScript = "diff \"${PODS_PODFILE_DIR_PATH}/Podfile.lock\" \"${PODS_ROOT}/Manifest.lock\" > /dev/null\nif [ $? != 0 ] ; then\n    # print error to STDERR\n    echo \"error: The sandbox is not in sync with the Podfile.lock. Run 'pod install' or update your CocoaPods installation.\" >&2\n    exit 1\nfi\n# This output is used by Xcode 'outputs' to avoid re-running this script phase.\necho \"SUCCESS\" > \"${SCRIPT_OUTPUT_FILE_0}\"\n";
			showEnvVarsInLog = 0;
		};
		D0715C943C25C8EBF8A0B668 /* [CP] Embed Pods Frameworks */ = {
			isa = PBXShellScriptBuildPhase;
			buildActionMask = 2147483647;
			files = (
			);
			inputFileListPaths = (
				"${PODS_ROOT}/Target Support Files/Pods-KinoPub/Pods-KinoPub-frameworks-${CONFIGURATION}-input-files.xcfilelist",
			);
			name = "[CP] Embed Pods Frameworks";
			outputFileListPaths = (
				"${PODS_ROOT}/Target Support Files/Pods-KinoPub/Pods-KinoPub-frameworks-${CONFIGURATION}-output-files.xcfilelist",
			);
			runOnlyForDeploymentPostprocessing = 0;
			shellPath = /bin/sh;
			shellScript = "\"${PODS_ROOT}/Target Support Files/Pods-KinoPub/Pods-KinoPub-frameworks.sh\"\n";
			showEnvVarsInLog = 0;
		};
/* End PBXShellScriptBuildPhase section */

/* Begin PBXSourcesBuildPhase section */
		8CE898C023F53935006531BC /* Sources */ = {
			isa = PBXSourcesBuildPhase;
			buildActionMask = 2147483647;
			files = (
				8CD46D412401C71A006DB466 /* BookmarksViewModel.swift in Sources */,
				8CD46D03240188F2006DB466 /* VideoItemView.swift in Sources */,
				8CE898C823F53935006531BC /* AppDelegate.swift in Sources */,
				8CD46D182401BC5A006DB466 /* DefaultAccessTokenServiceFactory.swift in Sources */,
				8CD46CF92400891D006DB466 /* MainView.swift in Sources */,
				8C1C684523FAE48F0094E7F5 /* MoyaNetworkService.swift in Sources */,
				8CD46D342401C3B1006DB466 /* DeviceTokenRequest.swift in Sources */,
				8CD46D0A2401BA08006DB466 /* ServiceLocator.swift in Sources */,
				8C1C684323FAE4760094E7F5 /* NetworkServiceError.swift in Sources */,
				8CD46D202401BE45006DB466 /* DefaultAccessTokenService.swift in Sources */,
				8CD46D1A2401BDE4006DB466 /* AuthorizationModuleFactory.swift in Sources */,
				8CE898CA23F53935006531BC /* SceneDelegate.swift in Sources */,
				8CD46D282401BFC3006DB466 /* AuthTargetType.swift in Sources */,
				8CD46D3F2401C689006DB466 /* BookmarksRequest.swift in Sources */,
				8C1C684723FAF4950094E7F5 /* DataResponseSerializer.swift in Sources */,
				8CD46D1C2401BE00006DB466 /* AuthorizationViewModel.swift in Sources */,
				8CD46D1E2401BE39006DB466 /* AccessTokenService.swift in Sources */,
				8CD46D132401BBDC006DB466 /* DefaultAuthorizationServiceFactory.swift in Sources */,
				8CD46D3D2401C65E006DB466 /* BookmarksView.swift in Sources */,
				8C1C683F23FAE4460094E7F5 /* ResponseSerializer.swift in Sources */,
				8C49E7E7240060C3009FD161 /* ColorExtension.swift in Sources */,
				8CD46D0E2401BA74006DB466 /* MotaNetworkServiceFactory.swift in Sources */,
				8CD46D012401802F006DB466 /* BookmarkView.swift in Sources */,
				8CD46CFF240168F5006DB466 /* GeneratedModels.swift in Sources */,
				8C1C683D23FAE4240094E7F5 /* NetworkRequestType.swift in Sources */,
				8CD46D0C2401BA5A006DB466 /* NetworkServiceFactory.swift in Sources */,
				8C61026B23FB3854000BEFD9 /* KeyChainStorage.swift in Sources */,
				8C1C683A23FAE3C30094E7F5 /* NetworkService.swift in Sources */,
				8CD46D0524019092006DB466 /* SeasonView.swift in Sources */,
				8CD46D222401BE68006DB466 /* AuthorizationService.swift in Sources */,
				8CD46D382401C4FB006DB466 /* DeviceCodeRequest.swift in Sources */,
				8CD46D482401C8F7006DB466 /* BookmarksModuleFactory.swift in Sources */,
				8C61026923FB382B000BEFD9 /* KeyValueStorage.swift in Sources */,
				8CD46D082401AB0F006DB466 /* AuthorizationViewController.swift in Sources */,
				8CD46D162401BC3D006DB466 /* AccessTokenServiceFactory.swift in Sources */,
				8CD46D112401BBB8006DB466 /* AuthorizationServiceFactory.swift in Sources */,
				8C1C684123FAE4630094E7F5 /* DecodingTargetType.swift in Sources */,
				8CE898CC23F53935006531BC /* ContentView.swift in Sources */,
				8C61027323FBED84000BEFD9 /* Secret.swift in Sources */,
				8C61027123FBECDD000BEFD9 /* DecodableResponseSerializer.swift in Sources */,
				8CD46CFB2400A01D006DB466 /* BookmarksView2.swift in Sources */,
				8CD46D362401C3E7006DB466 /* AccessToken.swift in Sources */,
				8CD46D262401BF01006DB466 /* ApiTargetType.swift in Sources */,
				8C1C684923FAF5D00094E7F5 /* AuthorizationView.swift in Sources */,
				8CD46D442401C730006DB466 /* TokenPlugin.swift in Sources */,
				8CD46D462401C7ED006DB466 /* BookmarksViewController.swift in Sources */,
				8CD46D242401BE7B006DB466 /* DefaultAuthorizationService.swift in Sources */,
			);
			runOnlyForDeploymentPostprocessing = 0;
		};
/* End PBXSourcesBuildPhase section */

/* Begin PBXVariantGroup section */
		8CE898D223F53936006531BC /* LaunchScreen.storyboard */ = {
			isa = PBXVariantGroup;
			children = (
				8CE898D323F53936006531BC /* Base */,
			);
			name = LaunchScreen.storyboard;
			sourceTree = "<group>";
		};
/* End PBXVariantGroup section */

/* Begin XCBuildConfiguration section */
		8CE898D623F53936006531BC /* Debug */ = {
			isa = XCBuildConfiguration;
			buildSettings = {
				ALWAYS_SEARCH_USER_PATHS = NO;
				CLANG_ANALYZER_NONNULL = YES;
				CLANG_ANALYZER_NUMBER_OBJECT_CONVERSION = YES_AGGRESSIVE;
				CLANG_CXX_LANGUAGE_STANDARD = "gnu++14";
				CLANG_CXX_LIBRARY = "libc++";
				CLANG_ENABLE_MODULES = YES;
				CLANG_ENABLE_OBJC_ARC = YES;
				CLANG_ENABLE_OBJC_WEAK = YES;
				CLANG_WARN_BLOCK_CAPTURE_AUTORELEASING = YES;
				CLANG_WARN_BOOL_CONVERSION = YES;
				CLANG_WARN_COMMA = YES;
				CLANG_WARN_CONSTANT_CONVERSION = YES;
				CLANG_WARN_DEPRECATED_OBJC_IMPLEMENTATIONS = YES;
				CLANG_WARN_DIRECT_OBJC_ISA_USAGE = YES_ERROR;
				CLANG_WARN_DOCUMENTATION_COMMENTS = YES;
				CLANG_WARN_EMPTY_BODY = YES;
				CLANG_WARN_ENUM_CONVERSION = YES;
				CLANG_WARN_INFINITE_RECURSION = YES;
				CLANG_WARN_INT_CONVERSION = YES;
				CLANG_WARN_NON_LITERAL_NULL_CONVERSION = YES;
				CLANG_WARN_OBJC_IMPLICIT_RETAIN_SELF = YES;
				CLANG_WARN_OBJC_LITERAL_CONVERSION = YES;
				CLANG_WARN_OBJC_ROOT_CLASS = YES_ERROR;
				CLANG_WARN_RANGE_LOOP_ANALYSIS = YES;
				CLANG_WARN_STRICT_PROTOTYPES = YES;
				CLANG_WARN_SUSPICIOUS_MOVE = YES;
				CLANG_WARN_UNGUARDED_AVAILABILITY = YES_AGGRESSIVE;
				CLANG_WARN_UNREACHABLE_CODE = YES;
				CLANG_WARN__DUPLICATE_METHOD_MATCH = YES;
				COPY_PHASE_STRIP = NO;
				DEBUG_INFORMATION_FORMAT = dwarf;
				ENABLE_STRICT_OBJC_MSGSEND = YES;
				ENABLE_TESTABILITY = YES;
				GCC_C_LANGUAGE_STANDARD = gnu11;
				GCC_DYNAMIC_NO_PIC = NO;
				GCC_NO_COMMON_BLOCKS = YES;
				GCC_OPTIMIZATION_LEVEL = 0;
				GCC_PREPROCESSOR_DEFINITIONS = (
					"DEBUG=1",
					"$(inherited)",
				);
				GCC_WARN_64_TO_32_BIT_CONVERSION = YES;
				GCC_WARN_ABOUT_RETURN_TYPE = YES_ERROR;
				GCC_WARN_UNDECLARED_SELECTOR = YES;
				GCC_WARN_UNINITIALIZED_AUTOS = YES_AGGRESSIVE;
				GCC_WARN_UNUSED_FUNCTION = YES;
				GCC_WARN_UNUSED_VARIABLE = YES;
				INFOPLIST_FILE = "";
				IPHONEOS_DEPLOYMENT_TARGET = 13.0;
				MTL_ENABLE_DEBUG_INFO = INCLUDE_SOURCE;
				MTL_FAST_MATH = YES;
				ONLY_ACTIVE_ARCH = YES;
				SDKROOT = iphoneos;
				SWIFT_ACTIVE_COMPILATION_CONDITIONS = DEBUG;
				SWIFT_OPTIMIZATION_LEVEL = "-Onone";
			};
			name = Debug;
		};
		8CE898D723F53936006531BC /* Release */ = {
			isa = XCBuildConfiguration;
			buildSettings = {
				ALWAYS_SEARCH_USER_PATHS = NO;
				CLANG_ANALYZER_NONNULL = YES;
				CLANG_ANALYZER_NUMBER_OBJECT_CONVERSION = YES_AGGRESSIVE;
				CLANG_CXX_LANGUAGE_STANDARD = "gnu++14";
				CLANG_CXX_LIBRARY = "libc++";
				CLANG_ENABLE_MODULES = YES;
				CLANG_ENABLE_OBJC_ARC = YES;
				CLANG_ENABLE_OBJC_WEAK = YES;
				CLANG_WARN_BLOCK_CAPTURE_AUTORELEASING = YES;
				CLANG_WARN_BOOL_CONVERSION = YES;
				CLANG_WARN_COMMA = YES;
				CLANG_WARN_CONSTANT_CONVERSION = YES;
				CLANG_WARN_DEPRECATED_OBJC_IMPLEMENTATIONS = YES;
				CLANG_WARN_DIRECT_OBJC_ISA_USAGE = YES_ERROR;
				CLANG_WARN_DOCUMENTATION_COMMENTS = YES;
				CLANG_WARN_EMPTY_BODY = YES;
				CLANG_WARN_ENUM_CONVERSION = YES;
				CLANG_WARN_INFINITE_RECURSION = YES;
				CLANG_WARN_INT_CONVERSION = YES;
				CLANG_WARN_NON_LITERAL_NULL_CONVERSION = YES;
				CLANG_WARN_OBJC_IMPLICIT_RETAIN_SELF = YES;
				CLANG_WARN_OBJC_LITERAL_CONVERSION = YES;
				CLANG_WARN_OBJC_ROOT_CLASS = YES_ERROR;
				CLANG_WARN_RANGE_LOOP_ANALYSIS = YES;
				CLANG_WARN_STRICT_PROTOTYPES = YES;
				CLANG_WARN_SUSPICIOUS_MOVE = YES;
				CLANG_WARN_UNGUARDED_AVAILABILITY = YES_AGGRESSIVE;
				CLANG_WARN_UNREACHABLE_CODE = YES;
				CLANG_WARN__DUPLICATE_METHOD_MATCH = YES;
				COPY_PHASE_STRIP = NO;
				DEBUG_INFORMATION_FORMAT = "dwarf-with-dsym";
				ENABLE_NS_ASSERTIONS = NO;
				ENABLE_STRICT_OBJC_MSGSEND = YES;
				GCC_C_LANGUAGE_STANDARD = gnu11;
				GCC_NO_COMMON_BLOCKS = YES;
				GCC_WARN_64_TO_32_BIT_CONVERSION = YES;
				GCC_WARN_ABOUT_RETURN_TYPE = YES_ERROR;
				GCC_WARN_UNDECLARED_SELECTOR = YES;
				GCC_WARN_UNINITIALIZED_AUTOS = YES_AGGRESSIVE;
				GCC_WARN_UNUSED_FUNCTION = YES;
				GCC_WARN_UNUSED_VARIABLE = YES;
				INFOPLIST_FILE = "";
				IPHONEOS_DEPLOYMENT_TARGET = 13.0;
				MTL_ENABLE_DEBUG_INFO = NO;
				MTL_FAST_MATH = YES;
				SDKROOT = iphoneos;
				SWIFT_COMPILATION_MODE = wholemodule;
				SWIFT_OPTIMIZATION_LEVEL = "-O";
				VALIDATE_PRODUCT = YES;
			};
			name = Release;
		};
		8CE898D923F53936006531BC /* Debug */ = {
			isa = XCBuildConfiguration;
			baseConfigurationReference = 52FDA6DD36BAFBD6EF993897 /* Pods-KinoPub.debug.xcconfig */;
			buildSettings = {
				ASSETCATALOG_COMPILER_APPICON_NAME = AppIcon;
				CODE_SIGN_STYLE = Automatic;
				DEVELOPMENT_ASSET_PATHS = "\"KinoPub/Preview Content\"";
				ENABLE_PREVIEWS = YES;
				INFOPLIST_FILE = KinoPub/Support/Info.plist;
				LD_RUNPATH_SEARCH_PATHS = (
					"$(inherited)",
					"@executable_path/Frameworks",
				);
				PRODUCT_BUNDLE_IDENTIFIER = ru.sugarandcandy.KinoPub;
				PRODUCT_NAME = "$(TARGET_NAME)";
				SWIFT_VERSION = 5.0;
				TARGETED_DEVICE_FAMILY = "1,2";
			};
			name = Debug;
		};
		8CE898DA23F53936006531BC /* Release */ = {
			isa = XCBuildConfiguration;
			baseConfigurationReference = AE5AF6F19A7D54C55D664735 /* Pods-KinoPub.release.xcconfig */;
			buildSettings = {
				ASSETCATALOG_COMPILER_APPICON_NAME = AppIcon;
				CODE_SIGN_STYLE = Automatic;
				DEVELOPMENT_ASSET_PATHS = "\"KinoPub/Preview Content\"";
				ENABLE_PREVIEWS = YES;
				INFOPLIST_FILE = KinoPub/Support/Info.plist;
				LD_RUNPATH_SEARCH_PATHS = (
					"$(inherited)",
					"@executable_path/Frameworks",
				);
				PRODUCT_BUNDLE_IDENTIFIER = ru.sugarandcandy.KinoPub;
				PRODUCT_NAME = "$(TARGET_NAME)";
				SWIFT_VERSION = 5.0;
				TARGETED_DEVICE_FAMILY = "1,2";
			};
			name = Release;
		};
/* End XCBuildConfiguration section */

/* Begin XCConfigurationList section */
		8CE898BF23F53935006531BC /* Build configuration list for PBXProject "KinoPub" */ = {
			isa = XCConfigurationList;
			buildConfigurations = (
				8CE898D623F53936006531BC /* Debug */,
				8CE898D723F53936006531BC /* Release */,
			);
			defaultConfigurationIsVisible = 0;
			defaultConfigurationName = Release;
		};
		8CE898D823F53936006531BC /* Build configuration list for PBXNativeTarget "KinoPub" */ = {
			isa = XCConfigurationList;
			buildConfigurations = (
				8CE898D923F53936006531BC /* Debug */,
				8CE898DA23F53936006531BC /* Release */,
			);
			defaultConfigurationIsVisible = 0;
			defaultConfigurationName = Release;
		};
/* End XCConfigurationList section */
	};
	rootObject = 8CE898BC23F53935006531BC /* Project object */;
}
